
Microsoft Visual Studio Solution File, Format Version 12.00
# Visual Studio Version 17
VisualStudioVersion = 17.7.34221.43
MinimumVisualStudioVersion = 10.0.40219.1
Project("{9A19103F-16F7-4668-BE54-9A1E7A4F7556}") = "OpenXRLib_UnityEngine.XR.Management", "OpenXRLib_UnityEngine.XR.Management\OpenXRLib_UnityEngine.XR.Management.csproj", "{0D532DF9-4AAE-4BC2-AE9D-5722DFE54D4F}"
EndProject
Project("{9A19103F-16F7-4668-BE54-9A1E7A4F7556}") = "OpenXRLib_UnityEngine.XR.OpenXR", "OpenXRLib_UnityEngine.XR.OpenXR\OpenXRLib_UnityEngine.XR.OpenXR.csproj", "{C39D8C3D-9BB7-4D2C-A757-282BA6148B54}"
EndProject
Project("{9A19103F-16F7-4668-BE54-9A1E7A4F7556}") = "OpenXRLib_Common", "OpenXRLib_Common\OpenXRLib_Common.csproj", "{B35FC24E-E60D-472A-A863-5EE66AE0EC40}"
EndProject
Project("{9A19103F-16F7-4668-BE54-9A1E7A4F7556}") = "HC_VRTrial", "HC_VRTrial\HC_VRTrial.csproj", "{C85511EF-8284-4B05-BC5A-CCE8389E641F}"
EndProject
Global
	GlobalSection(SolutionConfigurationPlatforms) = preSolution
		Debug|Any CPU = Debug|Any CPU
		Release|Any CPU = Release|Any CPU
	EndGlobalSection
	GlobalSection(ProjectConfigurationPlatforms) = postSolution
		{0D532DF9-4AAE-4BC2-AE9D-5722DFE54D4F}.Debug|Any CPU.ActiveCfg = Debug|Any CPU
		{0D532DF9-4AAE-4BC2-AE9D-5722DFE54D4F}.Debug|Any CPU.Build.0 = Debug|Any CPU
		{0D532DF9-4AAE-4BC2-AE9D-5722DFE54D4F}.Release|Any CPU.ActiveCfg = Release|Any CPU
		{0D532DF9-4AAE-4BC2-AE9D-5722DFE54D4F}.Release|Any CPU.Build.0 = Release|Any CPU
		{C39D8C3D-9BB7-4D2C-A757-282BA6148B54}.Debug|Any CPU.ActiveCfg = Debug|Any CPU
		{C39D8C3D-9BB7-4D2C-A757-282BA6148B54}.Debug|Any CPU.Build.0 = Debug|Any CPU
		{C39D8C3D-9BB7-4D2C-A757-282BA6148B54}.Release|Any CPU.ActiveCfg = Release|Any CPU
		{C39D8C3D-9BB7-4D2C-A757-282BA6148B54}.Release|Any CPU.Build.0 = Release|Any CPU
		{B35FC24E-E60D-472A-A863-5EE66AE0EC40}.Debug|Any CPU.ActiveCfg = Debug|Any CPU
		{B35FC24E-E60D-472A-A863-5EE66AE0EC40}.Debug|Any CPU.Build.0 = Debug|Any CPU
		{B35FC24E-E60D-472A-A863-5EE66AE0EC40}.Release|Any CPU.ActiveCfg = Release|Any CPU
		{B35FC24E-E60D-472A-A863-5EE66AE0EC40}.Release|Any CPU.Build.0 = Release|Any CPU
		{C85511EF-8284-4B05-BC5A-CCE8389E641F}.Debug|Any CPU.ActiveCfg = Debug|Any CPU
		{C85511EF-8284-4B05-BC5A-CCE8389E641F}.Debug|Any CPU.Build.0 = Debug|Any CPU
		{C85511EF-8284-4B05-BC5A-CCE8389E641F}.Release|Any CPU.ActiveCfg = Release|Any CPU
		{C85511EF-8284-4B05-BC5A-CCE8389E641F}.Release|Any CPU.Build.0 = Release|Any CPU
	EndGlobalSection
	GlobalSection(SolutionProperties) = preSolution
		HideSolutionNode = FALSE
	EndGlobalSection
	GlobalSection(ExtensibilityGlobals) = postSolution
		SolutionGuid = {317FBAA3-4E64-440F-ABD6-B781D4D1E364}
	EndGlobalSection
EndGlobal
