
Microsoft Visual Studio Solution File, Format Version 12.00
# Visual Studio Version 17
VisualStudioVersion = 17.7.34221.43
MinimumVisualStudioVersion = 10.0.40219.1
Project("{9A19103F-16F7-4668-BE54-9A1E7A4F7556}") = "HC_VRTrial", "HC_VRTrial\HC_VRTrial.csproj", "{D41EA721-10E4-4BA3-A0C9-E0C1D5140456}"
EndProject
Project("{9A19103F-16F7-4668-BE54-9A1E7A4F7556}") = "OpenXRLib_UnityEngine.XR.Management", "OpenXRLib_UnityEngine.XR.Management\OpenXRLib_UnityEngine.XR.Management.csproj", "{0D532DF9-4AAE-4BC2-AE9D-5722DFE54D4F}"
EndProject
Global
	GlobalSection(SolutionConfigurationPlatforms) = preSolution
		Debug|Any CPU = Debug|Any CPU
		Release|Any CPU = Release|Any CPU
	EndGlobalSection
	GlobalSection(ProjectConfigurationPlatforms) = postSolution
		{D41EA721-10E4-4BA3-A0C9-E0C1D5140456}.Debug|Any CPU.ActiveCfg = Debug|Any CPU
		{D41EA721-10E4-4BA3-A0C9-E0C1D5140456}.Debug|Any CPU.Build.0 = Debug|Any CPU
		{D41EA721-10E4-4BA3-A0C9-E0C1D5140456}.Release|Any CPU.ActiveCfg = Release|Any CPU
		{D41EA721-10E4-4BA3-A0C9-E0C1D5140456}.Release|Any CPU.Build.0 = Release|Any CPU
		{0D532DF9-4AAE-4BC2-AE9D-5722DFE54D4F}.Debug|Any CPU.ActiveCfg = Debug|Any CPU
		{0D532DF9-4AAE-4BC2-AE9D-5722DFE54D4F}.Debug|Any CPU.Build.0 = Debug|Any CPU
		{0D532DF9-4AAE-4BC2-AE9D-5722DFE54D4F}.Release|Any CPU.ActiveCfg = Release|Any CPU
		{0D532DF9-4AAE-4BC2-AE9D-5722DFE54D4F}.Release|Any CPU.Build.0 = Release|Any CPU
	EndGlobalSection
	GlobalSection(SolutionProperties) = preSolution
		HideSolutionNode = FALSE
	EndGlobalSection
	GlobalSection(ExtensibilityGlobals) = postSolution
		SolutionGuid = {317FBAA3-4E64-440F-ABD6-B781D4D1E364}
	EndGlobalSection
EndGlobal
